
Microsoft Visual Studio Solution File, Format Version 12.00
# Visual Studio 15
VisualStudioVersion = 15.0.28307.106
MinimumVisualStudioVersion = 10.0.40219.1
Project("{FAE04EC0-301F-11D3-BF4B-00C04F79EFBC}") = "NorthWindDB", "NorthWindDB\NorthWindDB.csproj", "{AFA86765-93A1-4F15-9FE5-D605734B6EC6}"
EndProject
Project("{FAE04EC0-301F-11D3-BF4B-00C04F79EFBC}") = "BooksDatabase", "..\BooksDatabase\BooksDatabase\BooksDatabase.csproj", "{35FAEBBE-6164-45C2-859F-DA0CF162D4FA}"
EndProject
Global
	GlobalSection(SolutionConfigurationPlatforms) = preSolution
		Debug|Any CPU = Debug|Any CPU
		Release|Any CPU = Release|Any CPU
	EndGlobalSection
	GlobalSection(ProjectConfigurationPlatforms) = postSolution
		{AFA86765-93A1-4F15-9FE5-D605734B6EC6}.Debug|Any CPU.ActiveCfg = Debug|Any CPU
		{AFA86765-93A1-4F15-9FE5-D605734B6EC6}.Debug|Any CPU.Build.0 = Debug|Any CPU
		{AFA86765-93A1-4F15-9FE5-D605734B6EC6}.Release|Any CPU.ActiveCfg = Release|Any CPU
		{AFA86765-93A1-4F15-9FE5-D605734B6EC6}.Release|Any CPU.Build.0 = Release|Any CPU
		{35FAEBBE-6164-45C2-859F-DA0CF162D4FA}.Debug|Any CPU.ActiveCfg = Debug|Any CPU
		{35FAEBBE-6164-45C2-859F-DA0CF162D4FA}.Debug|Any CPU.Build.0 = Debug|Any CPU
		{35FAEBBE-6164-45C2-859F-DA0CF162D4FA}.Release|Any CPU.ActiveCfg = Release|Any CPU
		{35FAEBBE-6164-45C2-859F-DA0CF162D4FA}.Release|Any CPU.Build.0 = Release|Any CPU
	EndGlobalSection
	GlobalSection(SolutionProperties) = preSolution
		HideSolutionNode = FALSE
	EndGlobalSection
	GlobalSection(ExtensibilityGlobals) = postSolution
		SolutionGuid = {97FC2884-A346-4989-8923-B1BF71A109F1}
	EndGlobalSection
EndGlobal
